# Smoke workflow: BLOCK path for the reusable readiness.yml.
#
# Manual-only (workflow_dispatch). Verifies the reusable workflow correctly
# escalates BLOCK to a non-zero workflow exit when enforcement-mode=block_only.
# Synthetic BLOCK-shaped evidence is committed under tests/fixtures/smoke-block/
# so the reusable workflow's own actions/checkout picks it up.
#
# Usage:
#   gh workflow run smoke-readiness-block.yml --ref <branch>
#
# Expected: the readiness job FAILS (gate-status BLOCK + workflow_should_fail
# true). The verify job reads the failed job's outputs and asserts the BLOCK
# was correctly detected — making the overall smoke green even though the
# readiness job itself was red.

name: smoke-readiness-block

on:
  workflow_dispatch:
    inputs:
      package-ref:
        description: git ref to install release-readiness-core from (default main)
        required: false
        default: main

# The reusable readiness.yml requests checks: write + pull-requests: write
# (for Check publishing + sticky comment). Caller must grant these or GitHub
# rejects the workflow_call at startup.
permissions:
  contents: read
  pull-requests: write
  checks: write

jobs:
  readiness:
    # BLOCK is asserted via outputs in verify; do not fail this job (invalid:
    # continue-on-error is not allowed on reusable workflow call jobs).
    uses: ./.github/workflows/readiness.yml
    with:
      package-ref: ${{ inputs.package-ref }}
      config-path: tests/fixtures/smoke-config.yaml
      smoke-results: tests/fixtures/smoke-block/smoke.json
      e2e-results: tests/fixtures/smoke-block/e2e.json
      coverage: tests/fixtures/smoke-block/coverage.json
      enforcement-mode: block_only
      comment-on-pr: false
      publish-check: false
      combine-with-pr-risk: false
      fail-workflow-on-gate-failure: false
    secrets: inherit

  verify:
    needs: readiness
    if: always()
    runs-on: ubuntu-latest
    steps:
      - name: Assert gate-status is BLOCK
        shell: bash
        run: |
          STATUS="${{ needs.readiness.outputs['gate-status'] }}"
          echo "Observed gate-status: $STATUS"
          if [ "$STATUS" != "BLOCK" ]; then
            echo "::error::expected BLOCK, got '$STATUS'"
            exit 1
          fi
          echo "BLOCK correctly detected and enforced — smoke validation green"
